
Microsoft Visual Studio Solution File, Format Version 12.00
# Visual Studio 15
VisualStudioVersion = 15.0.28307.757
MinimumVisualStudioVersion = 10.0.40219.1
Project("{FAE04EC0-301F-11D3-BF4B-00C04F79EFBC}") = "WebApplication1", "WebApplication1\WebApplication1.csproj", "{9CD7AE95-C5B0-4511-A32B-31AC31CB0FDA}"
EndProject
Global
	GlobalSection(SolutionConfigurationPlatforms) = preSolution
		Debug|Any CPU = Debug|Any CPU
		Release|Any CPU = Release|Any CPU
	EndGlobalSection
	GlobalSection(ProjectConfigurationPlatforms) = postSolution
		{9CD7AE95-C5B0-4511-A32B-31AC31CB0FDA}.Debug|Any CPU.ActiveCfg = Debug|Any CPU
		{9CD7AE95-C5B0-4511-A32B-31AC31CB0FDA}.Debug|Any CPU.Build.0 = Debug|Any CPU
		{9CD7AE95-C5B0-4511-A32B-31AC31CB0FDA}.Release|Any CPU.ActiveCfg = Release|Any CPU
		{9CD7AE95-C5B0-4511-A32B-31AC31CB0FDA}.Release|Any CPU.Build.0 = Release|Any CPU
	EndGlobalSection
	GlobalSection(SolutionProperties) = preSolution
		HideSolutionNode = FALSE
	EndGlobalSection
	GlobalSection(ExtensibilityGlobals) = postSolution
		SolutionGuid = {292BF9EE-30B8-486F-B427-2011D0C248B9}
	EndGlobalSection
EndGlobal
